
Microsoft Visual Studio Solution File, Format Version 12.00
# Visual Studio Version 16
VisualStudioVersion = 16.0.30413.136
MinimumVisualStudioVersion = 10.0.40219.1
Project("{FAE04EC0-301F-11D3-BF4B-00C04F79EFBC}") = "cage", "cage\cage.csproj", "{B8AABC24-879E-4FE5-A074-F12855334205}"
EndProject
Global
	GlobalSection(SolutionConfigurationPlatforms) = preSolution
		Debug|Any CPU = Debug|Any CPU
		Release|Any CPU = Release|Any CPU
	EndGlobalSection
	GlobalSection(ProjectConfigurationPlatforms) = postSolution
		{B8AABC24-879E-4FE5-A074-F12855334205}.Debug|Any CPU.ActiveCfg = Debug|Any CPU
		{B8AABC24-879E-4FE5-A074-F12855334205}.Debug|Any CPU.Build.0 = Debug|Any CPU
		{B8AABC24-879E-4FE5-A074-F12855334205}.Release|Any CPU.ActiveCfg = Release|Any CPU
		{B8AABC24-879E-4FE5-A074-F12855334205}.Release|Any CPU.Build.0 = Release|Any CPU
	EndGlobalSection
	GlobalSection(SolutionProperties) = preSolution
		HideSolutionNode = FALSE
	EndGlobalSection
	GlobalSection(ExtensibilityGlobals) = postSolution
		SolutionGuid = {D6C4FC6E-4E2B-4AFE-B7D5-52B1BA21CF90}
	EndGlobalSection
EndGlobal
